
Microsoft Visual Studio Solution File, Format Version 12.00
# Visual Studio Version 16
VisualStudioVersion = 16.0.30413.136
MinimumVisualStudioVersion = 10.0.40219.1
Project("{9A19103F-16F7-4668-BE54-9A1E7A4F7556}") = "PieShop.App", "PieShop.App\PieShop.App.csproj", "{59BF7715-2CF4-4D69-987B-D2C0EAE5981E}"
EndProject
Project("{9A19103F-16F7-4668-BE54-9A1E7A4F7556}") = "PieShop.Shared", "PieShop.Shared\PieShop.Shared.csproj", "{D7E5D361-2BB0-405F-9081-1FBFCF6648D8}"
EndProject
Project("{9A19103F-16F7-4668-BE54-9A1E7A4F7556}") = "PieShop.Api", "PieShop.Api\PieShop.Api.csproj", "{F5D6AC61-742E-43CE-BC27-F76383391095}"
EndProject
Project("{9A19103F-16F7-4668-BE54-9A1E7A4F7556}") = "PieShop.ComponentsLibrary", "PieShop.ComponentsLibrary\PieShop.ComponentsLibrary.csproj", "{45144BB1-1F43-4065-8121-859984DB64D8}"
EndProject
Global
	GlobalSection(SolutionConfigurationPlatforms) = preSolution
		Debug|Any CPU = Debug|Any CPU
		Release|Any CPU = Release|Any CPU
	EndGlobalSection
	GlobalSection(ProjectConfigurationPlatforms) = postSolution
		{59BF7715-2CF4-4D69-987B-D2C0EAE5981E}.Debug|Any CPU.ActiveCfg = Debug|Any CPU
		{59BF7715-2CF4-4D69-987B-D2C0EAE5981E}.Debug|Any CPU.Build.0 = Debug|Any CPU
		{59BF7715-2CF4-4D69-987B-D2C0EAE5981E}.Release|Any CPU.ActiveCfg = Release|Any CPU
		{59BF7715-2CF4-4D69-987B-D2C0EAE5981E}.Release|Any CPU.Build.0 = Release|Any CPU
		{D7E5D361-2BB0-405F-9081-1FBFCF6648D8}.Debug|Any CPU.ActiveCfg = Debug|Any CPU
		{D7E5D361-2BB0-405F-9081-1FBFCF6648D8}.Debug|Any CPU.Build.0 = Debug|Any CPU
		{D7E5D361-2BB0-405F-9081-1FBFCF6648D8}.Release|Any CPU.ActiveCfg = Release|Any CPU
		{D7E5D361-2BB0-405F-9081-1FBFCF6648D8}.Release|Any CPU.Build.0 = Release|Any CPU
		{F5D6AC61-742E-43CE-BC27-F76383391095}.Debug|Any CPU.ActiveCfg = Debug|Any CPU
		{F5D6AC61-742E-43CE-BC27-F76383391095}.Debug|Any CPU.Build.0 = Debug|Any CPU
		{F5D6AC61-742E-43CE-BC27-F76383391095}.Release|Any CPU.ActiveCfg = Release|Any CPU
		{F5D6AC61-742E-43CE-BC27-F76383391095}.Release|Any CPU.Build.0 = Release|Any CPU
		{45144BB1-1F43-4065-8121-859984DB64D8}.Debug|Any CPU.ActiveCfg = Debug|Any CPU
		{45144BB1-1F43-4065-8121-859984DB64D8}.Debug|Any CPU.Build.0 = Debug|Any CPU
		{45144BB1-1F43-4065-8121-859984DB64D8}.Release|Any CPU.ActiveCfg = Release|Any CPU
		{45144BB1-1F43-4065-8121-859984DB64D8}.Release|Any CPU.Build.0 = Release|Any CPU
	EndGlobalSection
	GlobalSection(SolutionProperties) = preSolution
		HideSolutionNode = FALSE
	EndGlobalSection
	GlobalSection(ExtensibilityGlobals) = postSolution
		SolutionGuid = {B951A72B-5D84-4571-945B-F00B160663E2}
	EndGlobalSection
EndGlobal
